
Microsoft Visual Studio Solution File, Format Version 12.00
# Visual Studio 15
Project("{FAE04EC0-301F-11D3-BF4B-00C04F79EFBC}") = "Assembly-CSharp", "Assembly-CSharp.csproj", "{7BAFC1B2-A194-B963-F701-27ED0181F33B}"
EndProject
Project("{FAE04EC0-301F-11D3-BF4B-00C04F79EFBC}") = "Assembly-CSharp-Editor", "Assembly-CSharp-Editor.csproj", "{3CC5F90C-D1B4-5A0E-591D-CE790BCF9089}"
EndProject
Global
	GlobalSection(SolutionConfigurationPlatforms) = preSolution
		Debug|Any CPU = Debug|Any CPU
		Release|Any CPU = Release|Any CPU
	EndGlobalSection
	GlobalSection(ProjectConfigurationPlatforms) = postSolution
		{7BAFC1B2-A194-B963-F701-27ED0181F33B}.Debug|Any CPU.ActiveCfg = Debug|Any CPU
		{7BAFC1B2-A194-B963-F701-27ED0181F33B}.Debug|Any CPU.Build.0 = Debug|Any CPU
		{7BAFC1B2-A194-B963-F701-27ED0181F33B}.Release|Any CPU.ActiveCfg = Release|Any CPU
		{7BAFC1B2-A194-B963-F701-27ED0181F33B}.Release|Any CPU.Build.0 = Release|Any CPU
		{3CC5F90C-D1B4-5A0E-591D-CE790BCF9089}.Debug|Any CPU.ActiveCfg = Debug|Any CPU
		{3CC5F90C-D1B4-5A0E-591D-CE790BCF9089}.Debug|Any CPU.Build.0 = Debug|Any CPU
		{3CC5F90C-D1B4-5A0E-591D-CE790BCF9089}.Release|Any CPU.ActiveCfg = Release|Any CPU
		{3CC5F90C-D1B4-5A0E-591D-CE790BCF9089}.Release|Any CPU.Build.0 = Release|Any CPU
	EndGlobalSection
	GlobalSection(SolutionProperties) = preSolution
		HideSolutionNode = FALSE
	EndGlobalSection
EndGlobal
